
Microsoft Visual Studio Solution File, Format Version 12.00
# Visual Studio 14
VisualStudioVersion = 14.0.25123.0
MinimumVisualStudioVersion = 10.0.40219.1
Project("{FAE04EC0-301F-11D3-BF4B-00C04F79EFBC}") = "AppFinal.Droid", "AppFinal\AppFinal.Droid\AppFinal.Droid.csproj", "{F9F6AFD6-7518-47A0-87EB-5A324E07B301}"
EndProject
Project("{FAE04EC0-301F-11D3-BF4B-00C04F79EFBC}") = "AppFinal.iOS", "AppFinal\AppFinal.iOS\AppFinal.iOS.csproj", "{4E508B70-4199-426A-87D0-39A169CAF27C}"
EndProject
Project("{FAE04EC0-301F-11D3-BF4B-00C04F79EFBC}") = "AppFinal.WinPhone", "AppFinal\AppFinal.WinPhone\AppFinal.WinPhone.csproj", "{AF7CF19E-303F-4A0E-8C88-BA283C6E87FD}"
EndProject
Project("{FAE04EC0-301F-11D3-BF4B-00C04F79EFBC}") = "AppFinal.UWP", "AppFinal\AppFinal.UWP\AppFinal.UWP.csproj", "{98FE21A5-602A-4A5E-90A3-BF680F861E7D}"
EndProject
Project("{FAE04EC0-301F-11D3-BF4B-00C04F79EFBC}") = "AppFinal.Windows", "AppFinal\AppFinal.Windows\AppFinal.Windows.csproj", "{419C1B1F-81F5-46E1-9A44-ABE8CA1E35E9}"
EndProject
Project("{FAE04EC0-301F-11D3-BF4B-00C04F79EFBC}") = "AppFinal", "AppFinal\AppFinal\AppFinal.csproj", "{52EBF58B-A95F-4E3B-A22E-3F48C626D59C}"
EndProject
Global
	GlobalSection(SolutionConfigurationPlatforms) = preSolution
		Ad-Hoc|Any CPU = Ad-Hoc|Any CPU
		Ad-Hoc|ARM = Ad-Hoc|ARM
		Ad-Hoc|iPhone = Ad-Hoc|iPhone
		Ad-Hoc|iPhoneSimulator = Ad-Hoc|iPhoneSimulator
		Ad-Hoc|x64 = Ad-Hoc|x64
		Ad-Hoc|x86 = Ad-Hoc|x86
		AppStore|Any CPU = AppStore|Any CPU
		AppStore|ARM = AppStore|ARM
		AppStore|iPhone = AppStore|iPhone
		AppStore|iPhoneSimulator = AppStore|iPhoneSimulator
		AppStore|x64 = AppStore|x64
		AppStore|x86 = AppStore|x86
		Debug|Any CPU = Debug|Any CPU
		Debug|ARM = Debug|ARM
		Debug|iPhone = Debug|iPhone
		Debug|iPhoneSimulator = Debug|iPhoneSimulator
		Debug|x64 = Debug|x64
		Debug|x86 = Debug|x86
		Release|Any CPU = Release|Any CPU
		Release|ARM = Release|ARM
		Release|iPhone = Release|iPhone
		Release|iPhoneSimulator = Release|iPhoneSimulator
		Release|x64 = Release|x64
		Release|x86 = Release|x86
	EndGlobalSection
	GlobalSection(ProjectConfigurationPlatforms) = postSolution
		{F9F6AFD6-7518-47A0-87EB-5A324E07B301}.Ad-Hoc|Any CPU.ActiveCfg = Release|Any CPU
		{F9F6AFD6-7518-47A0-87EB-5A324E07B301}.Ad-Hoc|Any CPU.Build.0 = Release|Any CPU
		{F9F6AFD6-7518-47A0-87EB-5A324E07B301}.Ad-Hoc|Any CPU.Deploy.0 = Release|Any CPU
		{F9F6AFD6-7518-47A0-87EB-5A324E07B301}.Ad-Hoc|ARM.ActiveCfg = Release|Any CPU
		{F9F6AFD6-7518-47A0-87EB-5A324E07B301}.Ad-Hoc|ARM.Build.0 = Release|Any CPU
		{F9F6AFD6-7518-47A0-87EB-5A324E07B301}.Ad-Hoc|ARM.Deploy.0 = Release|Any CPU
		{F9F6AFD6-7518-47A0-87EB-5A324E07B301}.Ad-Hoc|iPhone.ActiveCfg = Release|Any CPU
		{F9F6AFD6-7518-47A0-87EB-5A324E07B301}.Ad-Hoc|iPhone.Build.0 = Release|Any CPU
		{F9F6AFD6-7518-47A0-87EB-5A324E07B301}.Ad-Hoc|iPhone.Deploy.0 = Release|Any CPU
		{F9F6AFD6-7518-47A0-87EB-5A324E07B301}.Ad-Hoc|iPhoneSimulator.ActiveCfg = Release|Any CPU
		{F9F6AFD6-7518-47A0-87EB-5A324E07B301}.Ad-Hoc|iPhoneSimulator.Build.0 = Release|Any CPU
		{F9F6AFD6-7518-47A0-87EB-5A324E07B301}.Ad-Hoc|iPhoneSimulator.Deploy.0 = Release|Any CPU
		{F9F6AFD6-7518-47A0-87EB-5A324E07B301}.Ad-Hoc|x64.ActiveCfg = Release|Any CPU
		{F9F6AFD6-7518-47A0-87EB-5A324E07B301}.Ad-Hoc|x64.Build.0 = Release|Any CPU
		{F9F6AFD6-7518-47A0-87EB-5A324E07B301}.Ad-Hoc|x64.Deploy.0 = Release|Any CPU
		{F9F6AFD6-7518-47A0-87EB-5A324E07B301}.Ad-Hoc|x86.ActiveCfg = Release|Any CPU
		{F9F6AFD6-7518-47A0-87EB-5A324E07B301}.Ad-Hoc|x86.Build.0 = Release|Any CPU
		{F9F6AFD6-7518-47A0-87EB-5A324E07B301}.Ad-Hoc|x86.Deploy.0 = Release|Any CPU
		{F9F6AFD6-7518-47A0-87EB-5A324E07B301}.AppStore|Any CPU.ActiveCfg = Release|Any CPU
		{F9F6AFD6-7518-47A0-87EB-5A324E07B301}.AppStore|Any CPU.Build.0 = Release|Any CPU
		{F9F6AFD6-7518-47A0-87EB-5A324E07B301}.AppStore|Any CPU.Deploy.0 = Release|Any CPU
		{F9F6AFD6-7518-47A0-87EB-5A324E07B301}.AppStore|ARM.ActiveCfg = Release|Any CPU
		{F9F6AFD6-7518-47A0-87EB-5A324E07B301}.AppStore|ARM.Build.0 = Release|Any CPU
		{F9F6AFD6-7518-47A0-87EB-5A324E07B301}.AppStore|ARM.Deploy.0 = Release|Any CPU
		{F9F6AFD6-7518-47A0-87EB-5A324E07B301}.AppStore|iPhone.ActiveCfg = Release|Any CPU
		{F9F6AFD6-7518-47A0-87EB-5A324E07B301}.AppStore|iPhone.Build.0 = Release|Any CPU
		{F9F6AFD6-7518-47A0-87EB-5A324E07B301}.AppStore|iPhone.Deploy.0 = Release|Any CPU
		{F9F6AFD6-7518-47A0-87EB-5A324E07B301}.AppStore|iPhoneSimulator.ActiveCfg = Release|Any CPU
		{F9F6AFD6-7518-47A0-87EB-5A324E07B301}.AppStore|iPhoneSimulator.Build.0 = Release|Any CPU
		{F9F6AFD6-7518-47A0-87EB-5A324E07B301}.AppStore|iPhoneSimulator.Deploy.0 = Release|Any CPU
		{F9F6AFD6-7518-47A0-87EB-5A324E07B301}.AppStore|x64.ActiveCfg = Release|Any CPU
		{F9F6AFD6-7518-47A0-87EB-5A324E07B301}.AppStore|x64.Build.0 = Release|Any CPU
		{F9F6AFD6-7518-47A0-87EB-5A324E07B301}.AppStore|x64.Deploy.0 = Release|Any CPU
		{F9F6AFD6-7518-47A0-87EB-5A324E07B301}.AppStore|x86.ActiveCfg = Release|Any CPU
		{F9F6AFD6-7518-47A0-87EB-5A324E07B301}.AppStore|x86.Build.0 = Release|Any CPU
		{F9F6AFD6-7518-47A0-87EB-5A324E07B301}.AppStore|x86.Deploy.0 = Release|Any CPU
		{F9F6AFD6-7518-47A0-87EB-5A324E07B301}.Debug|Any CPU.ActiveCfg = Debug|Any CPU
		{F9F6AFD6-7518-47A0-87EB-5A324E07B301}.Debug|Any CPU.Build.0 = Debug|Any CPU
		{F9F6AFD6-7518-47A0-87EB-5A324E07B301}.Debug|Any CPU.Deploy.0 = Debug|Any CPU
		{F9F6AFD6-7518-47A0-87EB-5A324E07B301}.Debug|ARM.ActiveCfg = Debug|Any CPU
		{F9F6AFD6-7518-47A0-87EB-5A324E07B301}.Debug|ARM.Build.0 = Debug|Any CPU
		{F9F6AFD6-7518-47A0-87EB-5A324E07B301}.Debug|ARM.Deploy.0 = Debug|Any CPU
		{F9F6AFD6-7518-47A0-87EB-5A324E07B301}.Debug|iPhone.ActiveCfg = Debug|Any CPU
		{F9F6AFD6-7518-47A0-87EB-5A324E07B301}.Debug|iPhone.Build.0 = Debug|Any CPU
		{F9F6AFD6-7518-47A0-87EB-5A324E07B301}.Debug|iPhone.Deploy.0 = Debug|Any CPU
		{F9F6AFD6-7518-47A0-87EB-5A324E07B301}.Debug|iPhoneSimulator.ActiveCfg = Debug|Any CPU
		{F9F6AFD6-7518-47A0-87EB-5A324E07B301}.Debug|iPhoneSimulator.Build.0 = Debug|Any CPU
		{F9F6AFD6-7518-47A0-87EB-5A324E07B301}.Debug|iPhoneSimulator.Deploy.0 = Debug|Any CPU
		{F9F6AFD6-7518-47A0-87EB-5A324E07B301}.Debug|x64.ActiveCfg = Debug|Any CPU
		{F9F6AFD6-7518-47A0-87EB-5A324E07B301}.Debug|x64.Build.0 = Debug|Any CPU
		{F9F6AFD6-7518-47A0-87EB-5A324E07B301}.Debug|x64.Deploy.0 = Debug|Any CPU
		{F9F6AFD6-7518-47A0-87EB-5A324E07B301}.Debug|x86.ActiveCfg = Debug|Any CPU
		{F9F6AFD6-7518-47A0-87EB-5A324E07B301}.Debug|x86.Build.0 = Debug|Any CPU
		{F9F6AFD6-7518-47A0-87EB-5A324E07B301}.Debug|x86.Deploy.0 = Debug|Any CPU
		{F9F6AFD6-7518-47A0-87EB-5A324E07B301}.Release|Any CPU.ActiveCfg = Release|Any CPU
		{F9F6AFD6-7518-47A0-87EB-5A324E07B301}.Release|Any CPU.Build.0 = Release|Any CPU
		{F9F6AFD6-7518-47A0-87EB-5A324E07B301}.Release|Any CPU.Deploy.0 = Release|Any CPU
		{F9F6AFD6-7518-47A0-87EB-5A324E07B301}.Release|ARM.ActiveCfg = Release|Any CPU
		{F9F6AFD6-7518-47A0-87EB-5A324E07B301}.Release|ARM.Build.0 = Release|Any CPU
		{F9F6AFD6-7518-47A0-87EB-5A324E07B301}.Release|ARM.Deploy.0 = Release|Any CPU
		{F9F6AFD6-7518-47A0-87EB-5A324E07B301}.Release|iPhone.ActiveCfg = Release|Any CPU
		{F9F6AFD6-7518-47A0-87EB-5A324E07B301}.Release|iPhone.Build.0 = Release|Any CPU
		{F9F6AFD6-7518-47A0-87EB-5A324E07B301}.Release|iPhone.Deploy.0 = Release|Any CPU
		{F9F6AFD6-7518-47A0-87EB-5A324E07B301}.Release|iPhoneSimulator.ActiveCfg = Release|Any CPU
		{F9F6AFD6-7518-47A0-87EB-5A324E07B301}.Release|iPhoneSimulator.Build.0 = Release|Any CPU
		{F9F6AFD6-7518-47A0-87EB-5A324E07B301}.Release|iPhoneSimulator.Deploy.0 = Release|Any CPU
		{F9F6AFD6-7518-47A0-87EB-5A324E07B301}.Release|x64.ActiveCfg = Release|Any CPU
		{F9F6AFD6-7518-47A0-87EB-5A324E07B301}.Release|x64.Build.0 = Release|Any CPU
		{F9F6AFD6-7518-47A0-87EB-5A324E07B301}.Release|x64.Deploy.0 = Release|Any CPU
		{F9F6AFD6-7518-47A0-87EB-5A324E07B301}.Release|x86.ActiveCfg = Release|Any CPU
		{F9F6AFD6-7518-47A0-87EB-5A324E07B301}.Release|x86.Build.0 = Release|Any CPU
		{F9F6AFD6-7518-47A0-87EB-5A324E07B301}.Release|x86.Deploy.0 = Release|Any CPU
		{4E508B70-4199-426A-87D0-39A169CAF27C}.Ad-Hoc|Any CPU.ActiveCfg = Ad-Hoc|iPhone
		{4E508B70-4199-426A-87D0-39A169CAF27C}.Ad-Hoc|ARM.ActiveCfg = Ad-Hoc|iPhone
		{4E508B70-4199-426A-87D0-39A169CAF27C}.Ad-Hoc|iPhone.ActiveCfg = Ad-Hoc|iPhone
		{4E508B70-4199-426A-87D0-39A169CAF27C}.Ad-Hoc|iPhone.Build.0 = Ad-Hoc|iPhone
		{4E508B70-4199-426A-87D0-39A169CAF27C}.Ad-Hoc|iPhoneSimulator.ActiveCfg = Ad-Hoc|iPhoneSimulator
		{4E508B70-4199-426A-87D0-39A169CAF27C}.Ad-Hoc|iPhoneSimulator.Build.0 = Ad-Hoc|iPhoneSimulator
		{4E508B70-4199-426A-87D0-39A169CAF27C}.Ad-Hoc|x64.ActiveCfg = Ad-Hoc|iPhone
		{4E508B70-4199-426A-87D0-39A169CAF27C}.Ad-Hoc|x86.ActiveCfg = Ad-Hoc|iPhone
		{4E508B70-4199-426A-87D0-39A169CAF27C}.AppStore|Any CPU.ActiveCfg = AppStore|iPhone
		{4E508B70-4199-426A-87D0-39A169CAF27C}.AppStore|ARM.ActiveCfg = AppStore|iPhone
		{4E508B70-4199-426A-87D0-39A169CAF27C}.AppStore|iPhone.ActiveCfg = AppStore|iPhone
		{4E508B70-4199-426A-87D0-39A169CAF27C}.AppStore|iPhone.Build.0 = AppStore|iPhone
		{4E508B70-4199-426A-87D0-39A169CAF27C}.AppStore|iPhoneSimulator.ActiveCfg = AppStore|iPhoneSimulator
		{4E508B70-4199-426A-87D0-39A169CAF27C}.AppStore|iPhoneSimulator.Build.0 = AppStore|iPhoneSimulator
		{4E508B70-4199-426A-87D0-39A169CAF27C}.AppStore|x64.ActiveCfg = AppStore|iPhone
		{4E508B70-4199-426A-87D0-39A169CAF27C}.AppStore|x86.ActiveCfg = AppStore|iPhone
		{4E508B70-4199-426A-87D0-39A169CAF27C}.Debug|Any CPU.ActiveCfg = Debug|iPhone
		{4E508B70-4199-426A-87D0-39A169CAF27C}.Debug|ARM.ActiveCfg = Debug|iPhone
		{4E508B70-4199-426A-87D0-39A169CAF27C}.Debug|iPhone.ActiveCfg = Debug|iPhone
		{4E508B70-4199-426A-87D0-39A169CAF27C}.Debug|iPhone.Build.0 = Debug|iPhone
		{4E508B70-4199-426A-87D0-39A169CAF27C}.Debug|iPhoneSimulator.ActiveCfg = Debug|iPhoneSimulator
		{4E508B70-4199-426A-87D0-39A169CAF27C}.Debug|iPhoneSimulator.Build.0 = Debug|iPhoneSimulator
		{4E508B70-4199-426A-87D0-39A169CAF27C}.Debug|x64.ActiveCfg = Debug|iPhone
		{4E508B70-4199-426A-87D0-39A169CAF27C}.Debug|x86.ActiveCfg = Debug|iPhone
		{4E508B70-4199-426A-87D0-39A169CAF27C}.Release|Any CPU.ActiveCfg = Release|iPhone
		{4E508B70-4199-426A-87D0-39A169CAF27C}.Release|ARM.ActiveCfg = Release|iPhone
		{4E508B70-4199-426A-87D0-39A169CAF27C}.Release|iPhone.ActiveCfg = Release|iPhone
		{4E508B70-4199-426A-87D0-39A169CAF27C}.Release|iPhone.Build.0 = Release|iPhone
		{4E508B70-4199-426A-87D0-39A169CAF27C}.Release|iPhoneSimulator.ActiveCfg = Release|iPhoneSimulator
		{4E508B70-4199-426A-87D0-39A169CAF27C}.Release|iPhoneSimulator.Build.0 = Release|iPhoneSimulator
		{4E508B70-4199-426A-87D0-39A169CAF27C}.Release|x64.ActiveCfg = Release|iPhone
		{4E508B70-4199-426A-87D0-39A169CAF27C}.Release|x86.ActiveCfg = Release|iPhone
		{AF7CF19E-303F-4A0E-8C88-BA283C6E87FD}.Ad-Hoc|Any CPU.ActiveCfg = Release|Any CPU
		{AF7CF19E-303F-4A0E-8C88-BA283C6E87FD}.Ad-Hoc|Any CPU.Build.0 = Release|Any CPU
		{AF7CF19E-303F-4A0E-8C88-BA283C6E87FD}.Ad-Hoc|Any CPU.Deploy.0 = Release|Any CPU
		{AF7CF19E-303F-4A0E-8C88-BA283C6E87FD}.Ad-Hoc|ARM.ActiveCfg = Release|ARM
		{AF7CF19E-303F-4A0E-8C88-BA283C6E87FD}.Ad-Hoc|ARM.Build.0 = Release|ARM
		{AF7CF19E-303F-4A0E-8C88-BA283C6E87FD}.Ad-Hoc|ARM.Deploy.0 = Release|ARM
		{AF7CF19E-303F-4A0E-8C88-BA283C6E87FD}.Ad-Hoc|iPhone.ActiveCfg = Release|Any CPU
		{AF7CF19E-303F-4A0E-8C88-BA283C6E87FD}.Ad-Hoc|iPhone.Build.0 = Release|Any CPU
		{AF7CF19E-303F-4A0E-8C88-BA283C6E87FD}.Ad-Hoc|iPhone.Deploy.0 = Release|Any CPU
		{AF7CF19E-303F-4A0E-8C88-BA283C6E87FD}.Ad-Hoc|iPhoneSimulator.ActiveCfg = Release|Any CPU
		{AF7CF19E-303F-4A0E-8C88-BA283C6E87FD}.Ad-Hoc|iPhoneSimulator.Build.0 = Release|Any CPU
		{AF7CF19E-303F-4A0E-8C88-BA283C6E87FD}.Ad-Hoc|iPhoneSimulator.Deploy.0 = Release|Any CPU
		{AF7CF19E-303F-4A0E-8C88-BA283C6E87FD}.Ad-Hoc|x64.ActiveCfg = Release|Any CPU
		{AF7CF19E-303F-4A0E-8C88-BA283C6E87FD}.Ad-Hoc|x64.Build.0 = Release|Any CPU
		{AF7CF19E-303F-4A0E-8C88-BA283C6E87FD}.Ad-Hoc|x64.Deploy.0 = Release|Any CPU
		{AF7CF19E-303F-4A0E-8C88-BA283C6E87FD}.Ad-Hoc|x86.ActiveCfg = Release|x86
		{AF7CF19E-303F-4A0E-8C88-BA283C6E87FD}.Ad-Hoc|x86.Build.0 = Release|x86
		{AF7CF19E-303F-4A0E-8C88-BA283C6E87FD}.Ad-Hoc|x86.Deploy.0 = Release|x86
		{AF7CF19E-303F-4A0E-8C88-BA283C6E87FD}.AppStore|Any CPU.ActiveCfg = Release|Any CPU
		{AF7CF19E-303F-4A0E-8C88-BA283C6E87FD}.AppStore|Any CPU.Build.0 = Release|Any CPU
		{AF7CF19E-303F-4A0E-8C88-BA283C6E87FD}.AppStore|Any CPU.Deploy.0 = Release|Any CPU
		{AF7CF19E-303F-4A0E-8C88-BA283C6E87FD}.AppStore|ARM.ActiveCfg = Release|ARM
		{AF7CF19E-303F-4A0E-8C88-BA283C6E87FD}.AppStore|ARM.Build.0 = Release|ARM
		{AF7CF19E-303F-4A0E-8C88-BA283C6E87FD}.AppStore|ARM.Deploy.0 = Release|ARM
		{AF7CF19E-303F-4A0E-8C88-BA283C6E87FD}.AppStore|iPhone.ActiveCfg = Release|Any CPU
		{AF7CF19E-303F-4A0E-8C88-BA283C6E87FD}.AppStore|iPhone.Build.0 = Release|Any CPU
		{AF7CF19E-303F-4A0E-8C88-BA283C6E87FD}.AppStore|iPhone.Deploy.0 = Release|Any CPU
		{AF7CF19E-303F-4A0E-8C88-BA283C6E87FD}.AppStore|iPhoneSimulator.ActiveCfg = Release|Any CPU
		{AF7CF19E-303F-4A0E-8C88-BA283C6E87FD}.AppStore|iPhoneSimulator.Build.0 = Release|Any CPU
		{AF7CF19E-303F-4A0E-8C88-BA283C6E87FD}.AppStore|iPhoneSimulator.Deploy.0 = Release|Any CPU
		{AF7CF19E-303F-4A0E-8C88-BA283C6E87FD}.AppStore|x64.ActiveCfg = Release|Any CPU
		{AF7CF19E-303F-4A0E-8C88-BA283C6E87FD}.AppStore|x64.Build.0 = Release|Any CPU
		{AF7CF19E-303F-4A0E-8C88-BA283C6E87FD}.AppStore|x64.Deploy.0 = Release|Any CPU
		{AF7CF19E-303F-4A0E-8C88-BA283C6E87FD}.AppStore|x86.ActiveCfg = Release|x86
		{AF7CF19E-303F-4A0E-8C88-BA283C6E87FD}.AppStore|x86.Build.0 = Release|x86
		{AF7CF19E-303F-4A0E-8C88-BA283C6E87FD}.AppStore|x86.Deploy.0 = Release|x86
		{AF7CF19E-303F-4A0E-8C88-BA283C6E87FD}.Debug|Any CPU.ActiveCfg = Debug|Any CPU
		{AF7CF19E-303F-4A0E-8C88-BA283C6E87FD}.Debug|Any CPU.Build.0 = Debug|Any CPU
		{AF7CF19E-303F-4A0E-8C88-BA283C6E87FD}.Debug|Any CPU.Deploy.0 = Debug|Any CPU
		{AF7CF19E-303F-4A0E-8C88-BA283C6E87FD}.Debug|ARM.ActiveCfg = Debug|ARM
		{AF7CF19E-303F-4A0E-8C88-BA283C6E87FD}.Debug|ARM.Build.0 = Debug|ARM
		{AF7CF19E-303F-4A0E-8C88-BA283C6E87FD}.Debug|ARM.Deploy.0 = Debug|ARM
		{AF7CF19E-303F-4A0E-8C88-BA283C6E87FD}.Debug|iPhone.ActiveCfg = Debug|Any CPU
		{AF7CF19E-303F-4A0E-8C88-BA283C6E87FD}.Debug|iPhone.Build.0 = Debug|Any CPU
		{AF7CF19E-303F-4A0E-8C88-BA283C6E87FD}.Debug|iPhone.Deploy.0 = Debug|Any CPU
		{AF7CF19E-303F-4A0E-8C88-BA283C6E87FD}.Debug|iPhoneSimulator.ActiveCfg = Debug|Any CPU
		{AF7CF19E-303F-4A0E-8C88-BA283C6E87FD}.Debug|iPhoneSimulator.Build.0 = Debug|Any CPU
		{AF7CF19E-303F-4A0E-8C88-BA283C6E87FD}.Debug|iPhoneSimulator.Deploy.0 = Debug|Any CPU
		{AF7CF19E-303F-4A0E-8C88-BA283C6E87FD}.Debug|x64.ActiveCfg = Debug|Any CPU
		{AF7CF19E-303F-4A0E-8C88-BA283C6E87FD}.Debug|x64.Build.0 = Debug|Any CPU
		{AF7CF19E-303F-4A0E-8C88-BA283C6E87FD}.Debug|x64.Deploy.0 = Debug|Any CPU
		{AF7CF19E-303F-4A0E-8C88-BA283C6E87FD}.Debug|x86.ActiveCfg = Debug|x86
		{AF7CF19E-303F-4A0E-8C88-BA283C6E87FD}.Debug|x86.Build.0 = Debug|x86
		{AF7CF19E-303F-4A0E-8C88-BA283C6E87FD}.Debug|x86.Deploy.0 = Debug|x86
		{AF7CF19E-303F-4A0E-8C88-BA283C6E87FD}.Release|Any CPU.ActiveCfg = Release|Any CPU
		{AF7CF19E-303F-4A0E-8C88-BA283C6E87FD}.Release|Any CPU.Build.0 = Release|Any CPU
		{AF7CF19E-303F-4A0E-8C88-BA283C6E87FD}.Release|Any CPU.Deploy.0 = Release|Any CPU
		{AF7CF19E-303F-4A0E-8C88-BA283C6E87FD}.Release|ARM.ActiveCfg = Release|ARM
		{AF7CF19E-303F-4A0E-8C88-BA283C6E87FD}.Release|ARM.Build.0 = Release|ARM
		{AF7CF19E-303F-4A0E-8C88-BA283C6E87FD}.Release|ARM.Deploy.0 = Release|ARM
		{AF7CF19E-303F-4A0E-8C88-BA283C6E87FD}.Release|iPhone.ActiveCfg = Release|Any CPU
		{AF7CF19E-303F-4A0E-8C88-BA283C6E87FD}.Release|iPhone.Build.0 = Release|Any CPU
		{AF7CF19E-303F-4A0E-8C88-BA283C6E87FD}.Release|iPhone.Deploy.0 = Release|Any CPU
		{AF7CF19E-303F-4A0E-8C88-BA283C6E87FD}.Release|iPhoneSimulator.ActiveCfg = Release|Any CPU
		{AF7CF19E-303F-4A0E-8C88-BA283C6E87FD}.Release|iPhoneSimulator.Build.0 = Release|Any CPU
		{AF7CF19E-303F-4A0E-8C88-BA283C6E87FD}.Release|iPhoneSimulator.Deploy.0 = Release|Any CPU
		{AF7CF19E-303F-4A0E-8C88-BA283C6E87FD}.Release|x64.ActiveCfg = Release|Any CPU
		{AF7CF19E-303F-4A0E-8C88-BA283C6E87FD}.Release|x64.Build.0 = Release|Any CPU
		{AF7CF19E-303F-4A0E-8C88-BA283C6E87FD}.Release|x64.Deploy.0 = Release|Any CPU
		{AF7CF19E-303F-4A0E-8C88-BA283C6E87FD}.Release|x86.ActiveCfg = Release|x86
		{AF7CF19E-303F-4A0E-8C88-BA283C6E87FD}.Release|x86.Build.0 = Release|x86
		{AF7CF19E-303F-4A0E-8C88-BA283C6E87FD}.Release|x86.Deploy.0 = Release|x86
		{98FE21A5-602A-4A5E-90A3-BF680F861E7D}.Ad-Hoc|Any CPU.ActiveCfg = Release|x86
		{98FE21A5-602A-4A5E-90A3-BF680F861E7D}.Ad-Hoc|Any CPU.Build.0 = Release|x86
		{98FE21A5-602A-4A5E-90A3-BF680F861E7D}.Ad-Hoc|Any CPU.Deploy.0 = Release|x86
		{98FE21A5-602A-4A5E-90A3-BF680F861E7D}.Ad-Hoc|ARM.ActiveCfg = Release|ARM
		{98FE21A5-602A-4A5E-90A3-BF680F861E7D}.Ad-Hoc|ARM.Build.0 = Release|ARM
		{98FE21A5-602A-4A5E-90A3-BF680F861E7D}.Ad-Hoc|ARM.Deploy.0 = Release|ARM
		{98FE21A5-602A-4A5E-90A3-BF680F861E7D}.Ad-Hoc|iPhone.ActiveCfg = Release|x86
		{98FE21A5-602A-4A5E-90A3-BF680F861E7D}.Ad-Hoc|iPhone.Build.0 = Release|x86
		{98FE21A5-602A-4A5E-90A3-BF680F861E7D}.Ad-Hoc|iPhone.Deploy.0 = Release|x86
		{98FE21A5-602A-4A5E-90A3-BF680F861E7D}.Ad-Hoc|iPhoneSimulator.ActiveCfg = Release|x86
		{98FE21A5-602A-4A5E-90A3-BF680F861E7D}.Ad-Hoc|iPhoneSimulator.Build.0 = Release|x86
		{98FE21A5-602A-4A5E-90A3-BF680F861E7D}.Ad-Hoc|iPhoneSimulator.Deploy.0 = Release|x86
		{98FE21A5-602A-4A5E-90A3-BF680F861E7D}.Ad-Hoc|x64.ActiveCfg = Release|x64
		{98FE21A5-602A-4A5E-90A3-BF680F861E7D}.Ad-Hoc|x64.Build.0 = Release|x64
		{98FE21A5-602A-4A5E-90A3-BF680F861E7D}.Ad-Hoc|x64.Deploy.0 = Release|x64
		{98FE21A5-602A-4A5E-90A3-BF680F861E7D}.Ad-Hoc|x86.ActiveCfg = Release|x86
		{98FE21A5-602A-4A5E-90A3-BF680F861E7D}.Ad-Hoc|x86.Build.0 = Release|x86
		{98FE21A5-602A-4A5E-90A3-BF680F861E7D}.Ad-Hoc|x86.Deploy.0 = Release|x86
		{98FE21A5-602A-4A5E-90A3-BF680F861E7D}.AppStore|Any CPU.ActiveCfg = Release|x86
		{98FE21A5-602A-4A5E-90A3-BF680F861E7D}.AppStore|Any CPU.Build.0 = Release|x86
		{98FE21A5-602A-4A5E-90A3-BF680F861E7D}.AppStore|Any CPU.Deploy.0 = Release|x86
		{98FE21A5-602A-4A5E-90A3-BF680F861E7D}.AppStore|ARM.ActiveCfg = Release|ARM
		{98FE21A5-602A-4A5E-90A3-BF680F861E7D}.AppStore|ARM.Build.0 = Release|ARM
		{98FE21A5-602A-4A5E-90A3-BF680F861E7D}.AppStore|ARM.Deploy.0 = Release|ARM
		{98FE21A5-602A-4A5E-90A3-BF680F861E7D}.AppStore|iPhone.ActiveCfg = Release|x86
		{98FE21A5-602A-4A5E-90A3-BF680F861E7D}.AppStore|iPhone.Build.0 = Release|x86
		{98FE21A5-602A-4A5E-90A3-BF680F861E7D}.AppStore|iPhone.Deploy.0 = Release|x86
		{98FE21A5-602A-4A5E-90A3-BF680F861E7D}.AppStore|iPhoneSimulator.ActiveCfg = Release|x86
		{98FE21A5-602A-4A5E-90A3-BF680F861E7D}.AppStore|iPhoneSimulator.Build.0 = Release|x86
		{98FE21A5-602A-4A5E-90A3-BF680F861E7D}.AppStore|iPhoneSimulator.Deploy.0 = Release|x86
		{98FE21A5-602A-4A5E-90A3-BF680F861E7D}.AppStore|x64.ActiveCfg = Release|x64
		{98FE21A5-602A-4A5E-90A3-BF680F861E7D}.AppStore|x64.Build.0 = Release|x64
		{98FE21A5-602A-4A5E-90A3-BF680F861E7D}.AppStore|x64.Deploy.0 = Release|x64
		{98FE21A5-602A-4A5E-90A3-BF680F861E7D}.AppStore|x86.ActiveCfg = Release|x86
		{98FE21A5-602A-4A5E-90A3-BF680F861E7D}.AppStore|x86.Build.0 = Release|x86
		{98FE21A5-602A-4A5E-90A3-BF680F861E7D}.AppStore|x86.Deploy.0 = Release|x86
		{98FE21A5-602A-4A5E-90A3-BF680F861E7D}.Debug|Any CPU.ActiveCfg = Debug|x86
		{98FE21A5-602A-4A5E-90A3-BF680F861E7D}.Debug|Any CPU.Build.0 = Debug|x86
		{98FE21A5-602A-4A5E-90A3-BF680F861E7D}.Debug|Any CPU.Deploy.0 = Debug|x86
		{98FE21A5-602A-4A5E-90A3-BF680F861E7D}.Debug|ARM.ActiveCfg = Debug|ARM
		{98FE21A5-602A-4A5E-90A3-BF680F861E7D}.Debug|ARM.Build.0 = Debug|ARM
		{98FE21A5-602A-4A5E-90A3-BF680F861E7D}.Debug|ARM.Deploy.0 = Debug|ARM
		{98FE21A5-602A-4A5E-90A3-BF680F861E7D}.Debug|iPhone.ActiveCfg = Debug|x86
		{98FE21A5-602A-4A5E-90A3-BF680F861E7D}.Debug|iPhoneSimulator.ActiveCfg = Debug|x86
		{98FE21A5-602A-4A5E-90A3-BF680F861E7D}.Debug|x64.ActiveCfg = Debug|x64
		{98FE21A5-602A-4A5E-90A3-BF680F861E7D}.Debug|x64.Build.0 = Debug|x64
		{98FE21A5-602A-4A5E-90A3-BF680F861E7D}.Debug|x64.Deploy.0 = Debug|x64
		{98FE21A5-602A-4A5E-90A3-BF680F861E7D}.Debug|x86.ActiveCfg = Debug|x86
		{98FE21A5-602A-4A5E-90A3-BF680F861E7D}.Debug|x86.Build.0 = Debug|x86
		{98FE21A5-602A-4A5E-90A3-BF680F861E7D}.Debug|x86.Deploy.0 = Debug|x86
		{98FE21A5-602A-4A5E-90A3-BF680F861E7D}.Release|Any CPU.ActiveCfg = Release|x86
		{98FE21A5-602A-4A5E-90A3-BF680F861E7D}.Release|ARM.ActiveCfg = Release|ARM
		{98FE21A5-602A-4A5E-90A3-BF680F861E7D}.Release|ARM.Build.0 = Release|ARM
		{98FE21A5-602A-4A5E-90A3-BF680F861E7D}.Release|ARM.Deploy.0 = Release|ARM
		{98FE21A5-602A-4A5E-90A3-BF680F861E7D}.Release|iPhone.ActiveCfg = Release|x86
		{98FE21A5-602A-4A5E-90A3-BF680F861E7D}.Release|iPhoneSimulator.ActiveCfg = Release|x86
		{98FE21A5-602A-4A5E-90A3-BF680F861E7D}.Release|x64.ActiveCfg = Release|x64
		{98FE21A5-602A-4A5E-90A3-BF680F861E7D}.Release|x64.Build.0 = Release|x64
		{98FE21A5-602A-4A5E-90A3-BF680F861E7D}.Release|x64.Deploy.0 = Release|x64
		{98FE21A5-602A-4A5E-90A3-BF680F861E7D}.Release|x86.ActiveCfg = Release|x86
		{98FE21A5-602A-4A5E-90A3-BF680F861E7D}.Release|x86.Build.0 = Release|x86
		{98FE21A5-602A-4A5E-90A3-BF680F861E7D}.Release|x86.Deploy.0 = Release|x86
		{419C1B1F-81F5-46E1-9A44-ABE8CA1E35E9}.Ad-Hoc|Any CPU.ActiveCfg = Release|Any CPU
		{419C1B1F-81F5-46E1-9A44-ABE8CA1E35E9}.Ad-Hoc|Any CPU.Build.0 = Release|Any CPU
		{419C1B1F-81F5-46E1-9A44-ABE8CA1E35E9}.Ad-Hoc|Any CPU.Deploy.0 = Release|Any CPU
		{419C1B1F-81F5-46E1-9A44-ABE8CA1E35E9}.Ad-Hoc|ARM.ActiveCfg = Release|ARM
		{419C1B1F-81F5-46E1-9A44-ABE8CA1E35E9}.Ad-Hoc|ARM.Build.0 = Release|ARM
		{419C1B1F-81F5-46E1-9A44-ABE8CA1E35E9}.Ad-Hoc|ARM.Deploy.0 = Release|ARM
		{419C1B1F-81F5-46E1-9A44-ABE8CA1E35E9}.Ad-Hoc|iPhone.ActiveCfg = Release|Any CPU
		{419C1B1F-81F5-46E1-9A44-ABE8CA1E35E9}.Ad-Hoc|iPhone.Build.0 = Release|Any CPU
		{419C1B1F-81F5-46E1-9A44-ABE8CA1E35E9}.Ad-Hoc|iPhone.Deploy.0 = Release|Any CPU
		{419C1B1F-81F5-46E1-9A44-ABE8CA1E35E9}.Ad-Hoc|iPhoneSimulator.ActiveCfg = Release|Any CPU
		{419C1B1F-81F5-46E1-9A44-ABE8CA1E35E9}.Ad-Hoc|iPhoneSimulator.Build.0 = Release|Any CPU
		{419C1B1F-81F5-46E1-9A44-ABE8CA1E35E9}.Ad-Hoc|iPhoneSimulator.Deploy.0 = Release|Any CPU
		{419C1B1F-81F5-46E1-9A44-ABE8CA1E35E9}.Ad-Hoc|x64.ActiveCfg = Release|x64
		{419C1B1F-81F5-46E1-9A44-ABE8CA1E35E9}.Ad-Hoc|x64.Build.0 = Release|x64
		{419C1B1F-81F5-46E1-9A44-ABE8CA1E35E9}.Ad-Hoc|x64.Deploy.0 = Release|x64
		{419C1B1F-81F5-46E1-9A44-ABE8CA1E35E9}.Ad-Hoc|x86.ActiveCfg = Release|x86
		{419C1B1F-81F5-46E1-9A44-ABE8CA1E35E9}.Ad-Hoc|x86.Build.0 = Release|x86
		{419C1B1F-81F5-46E1-9A44-ABE8CA1E35E9}.Ad-Hoc|x86.Deploy.0 = Release|x86
		{419C1B1F-81F5-46E1-9A44-ABE8CA1E35E9}.AppStore|Any CPU.ActiveCfg = Release|Any CPU
		{419C1B1F-81F5-46E1-9A44-ABE8CA1E35E9}.AppStore|Any CPU.Build.0 = Release|Any CPU
		{419C1B1F-81F5-46E1-9A44-ABE8CA1E35E9}.AppStore|Any CPU.Deploy.0 = Release|Any CPU
		{419C1B1F-81F5-46E1-9A44-ABE8CA1E35E9}.AppStore|ARM.ActiveCfg = Release|ARM
		{419C1B1F-81F5-46E1-9A44-ABE8CA1E35E9}.AppStore|ARM.Build.0 = Release|ARM
		{419C1B1F-81F5-46E1-9A44-ABE8CA1E35E9}.AppStore|ARM.Deploy.0 = Release|ARM
		{419C1B1F-81F5-46E1-9A44-ABE8CA1E35E9}.AppStore|iPhone.ActiveCfg = Release|Any CPU
		{419C1B1F-81F5-46E1-9A44-ABE8CA1E35E9}.AppStore|iPhone.Build.0 = Release|Any CPU
		{419C1B1F-81F5-46E1-9A44-ABE8CA1E35E9}.AppStore|iPhone.Deploy.0 = Release|Any CPU
		{419C1B1F-81F5-46E1-9A44-ABE8CA1E35E9}.AppStore|iPhoneSimulator.ActiveCfg = Release|Any CPU
		{419C1B1F-81F5-46E1-9A44-ABE8CA1E35E9}.AppStore|iPhoneSimulator.Build.0 = Release|Any CPU
		{419C1B1F-81F5-46E1-9A44-ABE8CA1E35E9}.AppStore|iPhoneSimulator.Deploy.0 = Release|Any CPU
		{419C1B1F-81F5-46E1-9A44-ABE8CA1E35E9}.AppStore|x64.ActiveCfg = Release|x64
		{419C1B1F-81F5-46E1-9A44-ABE8CA1E35E9}.AppStore|x64.Build.0 = Release|x64
		{419C1B1F-81F5-46E1-9A44-ABE8CA1E35E9}.AppStore|x64.Deploy.0 = Release|x64
		{419C1B1F-81F5-46E1-9A44-ABE8CA1E35E9}.AppStore|x86.ActiveCfg = Release|x86
		{419C1B1F-81F5-46E1-9A44-ABE8CA1E35E9}.AppStore|x86.Build.0 = Release|x86
		{419C1B1F-81F5-46E1-9A44-ABE8CA1E35E9}.AppStore|x86.Deploy.0 = Release|x86
		{419C1B1F-81F5-46E1-9A44-ABE8CA1E35E9}.Debug|Any CPU.ActiveCfg = Debug|Any CPU
		{419C1B1F-81F5-46E1-9A44-ABE8CA1E35E9}.Debug|Any CPU.Build.0 = Debug|Any CPU
		{419C1B1F-81F5-46E1-9A44-ABE8CA1E35E9}.Debug|Any CPU.Deploy.0 = Debug|Any CPU
		{419C1B1F-81F5-46E1-9A44-ABE8CA1E35E9}.Debug|ARM.ActiveCfg = Debug|ARM
		{419C1B1F-81F5-46E1-9A44-ABE8CA1E35E9}.Debug|ARM.Build.0 = Debug|ARM
		{419C1B1F-81F5-46E1-9A44-ABE8CA1E35E9}.Debug|ARM.Deploy.0 = Debug|ARM
		{419C1B1F-81F5-46E1-9A44-ABE8CA1E35E9}.Debug|iPhone.ActiveCfg = Debug|Any CPU
		{419C1B1F-81F5-46E1-9A44-ABE8CA1E35E9}.Debug|iPhone.Build.0 = Debug|Any CPU
		{419C1B1F-81F5-46E1-9A44-ABE8CA1E35E9}.Debug|iPhone.Deploy.0 = Debug|Any CPU
		{419C1B1F-81F5-46E1-9A44-ABE8CA1E35E9}.Debug|iPhoneSimulator.ActiveCfg = Debug|Any CPU
		{419C1B1F-81F5-46E1-9A44-ABE8CA1E35E9}.Debug|iPhoneSimulator.Build.0 = Debug|Any CPU
		{419C1B1F-81F5-46E1-9A44-ABE8CA1E35E9}.Debug|iPhoneSimulator.Deploy.0 = Debug|Any CPU
		{419C1B1F-81F5-46E1-9A44-ABE8CA1E35E9}.Debug|x64.ActiveCfg = Debug|x64
		{419C1B1F-81F5-46E1-9A44-ABE8CA1E35E9}.Debug|x64.Build.0 = Debug|x64
		{419C1B1F-81F5-46E1-9A44-ABE8CA1E35E9}.Debug|x64.Deploy.0 = Debug|x64
		{419C1B1F-81F5-46E1-9A44-ABE8CA1E35E9}.Debug|x86.ActiveCfg = Debug|x86
		{419C1B1F-81F5-46E1-9A44-ABE8CA1E35E9}.Debug|x86.Build.0 = Debug|x86
		{419C1B1F-81F5-46E1-9A44-ABE8CA1E35E9}.Debug|x86.Deploy.0 = Debug|x86
		{419C1B1F-81F5-46E1-9A44-ABE8CA1E35E9}.Release|Any CPU.ActiveCfg = Release|Any CPU
		{419C1B1F-81F5-46E1-9A44-ABE8CA1E35E9}.Release|Any CPU.Build.0 = Release|Any CPU
		{419C1B1F-81F5-46E1-9A44-ABE8CA1E35E9}.Release|Any CPU.Deploy.0 = Release|Any CPU
		{419C1B1F-81F5-46E1-9A44-ABE8CA1E35E9}.Release|ARM.ActiveCfg = Release|ARM
		{419C1B1F-81F5-46E1-9A44-ABE8CA1E35E9}.Release|ARM.Build.0 = Release|ARM
		{419C1B1F-81F5-46E1-9A44-ABE8CA1E35E9}.Release|ARM.Deploy.0 = Release|ARM
		{419C1B1F-81F5-46E1-9A44-ABE8CA1E35E9}.Release|iPhone.ActiveCfg = Release|Any CPU
		{419C1B1F-81F5-46E1-9A44-ABE8CA1E35E9}.Release|iPhone.Build.0 = Release|Any CPU
		{419C1B1F-81F5-46E1-9A44-ABE8CA1E35E9}.Release|iPhone.Deploy.0 = Release|Any CPU
		{419C1B1F-81F5-46E1-9A44-ABE8CA1E35E9}.Release|iPhoneSimulator.ActiveCfg = Release|Any CPU
		{419C1B1F-81F5-46E1-9A44-ABE8CA1E35E9}.Release|iPhoneSimulator.Build.0 = Release|Any CPU
		{419C1B1F-81F5-46E1-9A44-ABE8CA1E35E9}.Release|iPhoneSimulator.Deploy.0 = Release|Any CPU
		{419C1B1F-81F5-46E1-9A44-ABE8CA1E35E9}.Release|x64.ActiveCfg = Release|x64
		{419C1B1F-81F5-46E1-9A44-ABE8CA1E35E9}.Release|x64.Build.0 = Release|x64
		{419C1B1F-81F5-46E1-9A44-ABE8CA1E35E9}.Release|x64.Deploy.0 = Release|x64
		{419C1B1F-81F5-46E1-9A44-ABE8CA1E35E9}.Release|x86.ActiveCfg = Release|x86
		{419C1B1F-81F5-46E1-9A44-ABE8CA1E35E9}.Release|x86.Build.0 = Release|x86
		{419C1B1F-81F5-46E1-9A44-ABE8CA1E35E9}.Release|x86.Deploy.0 = Release|x86
		{52EBF58B-A95F-4E3B-A22E-3F48C626D59C}.Ad-Hoc|Any CPU.ActiveCfg = Release|Any CPU
		{52EBF58B-A95F-4E3B-A22E-3F48C626D59C}.Ad-Hoc|Any CPU.Build.0 = Release|Any CPU
		{52EBF58B-A95F-4E3B-A22E-3F48C626D59C}.Ad-Hoc|ARM.ActiveCfg = Release|Any CPU
		{52EBF58B-A95F-4E3B-A22E-3F48C626D59C}.Ad-Hoc|ARM.Build.0 = Release|Any CPU
		{52EBF58B-A95F-4E3B-A22E-3F48C626D59C}.Ad-Hoc|iPhone.ActiveCfg = Release|Any CPU
		{52EBF58B-A95F-4E3B-A22E-3F48C626D59C}.Ad-Hoc|iPhone.Build.0 = Release|Any CPU
		{52EBF58B-A95F-4E3B-A22E-3F48C626D59C}.Ad-Hoc|iPhoneSimulator.ActiveCfg = Release|Any CPU
		{52EBF58B-A95F-4E3B-A22E-3F48C626D59C}.Ad-Hoc|iPhoneSimulator.Build.0 = Release|Any CPU
		{52EBF58B-A95F-4E3B-A22E-3F48C626D59C}.Ad-Hoc|x64.ActiveCfg = Release|Any CPU
		{52EBF58B-A95F-4E3B-A22E-3F48C626D59C}.Ad-Hoc|x64.Build.0 = Release|Any CPU
		{52EBF58B-A95F-4E3B-A22E-3F48C626D59C}.Ad-Hoc|x86.ActiveCfg = Release|Any CPU
		{52EBF58B-A95F-4E3B-A22E-3F48C626D59C}.Ad-Hoc|x86.Build.0 = Release|Any CPU
		{52EBF58B-A95F-4E3B-A22E-3F48C626D59C}.AppStore|Any CPU.ActiveCfg = Release|Any CPU
		{52EBF58B-A95F-4E3B-A22E-3F48C626D59C}.AppStore|Any CPU.Build.0 = Release|Any CPU
		{52EBF58B-A95F-4E3B-A22E-3F48C626D59C}.AppStore|ARM.ActiveCfg = Release|Any CPU
		{52EBF58B-A95F-4E3B-A22E-3F48C626D59C}.AppStore|ARM.Build.0 = Release|Any CPU
		{52EBF58B-A95F-4E3B-A22E-3F48C626D59C}.AppStore|iPhone.ActiveCfg = Release|Any CPU
		{52EBF58B-A95F-4E3B-A22E-3F48C626D59C}.AppStore|iPhone.Build.0 = Release|Any CPU
		{52EBF58B-A95F-4E3B-A22E-3F48C626D59C}.AppStore|iPhoneSimulator.ActiveCfg = Release|Any CPU
		{52EBF58B-A95F-4E3B-A22E-3F48C626D59C}.AppStore|iPhoneSimulator.Build.0 = Release|Any CPU
		{52EBF58B-A95F-4E3B-A22E-3F48C626D59C}.AppStore|x64.ActiveCfg = Release|Any CPU
		{52EBF58B-A95F-4E3B-A22E-3F48C626D59C}.AppStore|x64.Build.0 = Release|Any CPU
		{52EBF58B-A95F-4E3B-A22E-3F48C626D59C}.AppStore|x86.ActiveCfg = Release|Any CPU
		{52EBF58B-A95F-4E3B-A22E-3F48C626D59C}.AppStore|x86.Build.0 = Release|Any CPU
		{52EBF58B-A95F-4E3B-A22E-3F48C626D59C}.Debug|Any CPU.ActiveCfg = Debug|Any CPU
		{52EBF58B-A95F-4E3B-A22E-3F48C626D59C}.Debug|Any CPU.Build.0 = Debug|Any CPU
		{52EBF58B-A95F-4E3B-A22E-3F48C626D59C}.Debug|Any CPU.Deploy.0 = Debug|Any CPU
		{52EBF58B-A95F-4E3B-A22E-3F48C626D59C}.Debug|ARM.ActiveCfg = Debug|Any CPU
		{52EBF58B-A95F-4E3B-A22E-3F48C626D59C}.Debug|ARM.Build.0 = Debug|Any CPU
		{52EBF58B-A95F-4E3B-A22E-3F48C626D59C}.Debug|iPhone.ActiveCfg = Debug|Any CPU
		{52EBF58B-A95F-4E3B-A22E-3F48C626D59C}.Debug|iPhone.Build.0 = Debug|Any CPU
		{52EBF58B-A95F-4E3B-A22E-3F48C626D59C}.Debug|iPhoneSimulator.ActiveCfg = Debug|Any CPU
		{52EBF58B-A95F-4E3B-A22E-3F48C626D59C}.Debug|iPhoneSimulator.Build.0 = Debug|Any CPU
		{52EBF58B-A95F-4E3B-A22E-3F48C626D59C}.Debug|x64.ActiveCfg = Debug|Any CPU
		{52EBF58B-A95F-4E3B-A22E-3F48C626D59C}.Debug|x64.Build.0 = Debug|Any CPU
		{52EBF58B-A95F-4E3B-A22E-3F48C626D59C}.Debug|x86.ActiveCfg = Debug|Any CPU
		{52EBF58B-A95F-4E3B-A22E-3F48C626D59C}.Debug|x86.Build.0 = Debug|Any CPU
		{52EBF58B-A95F-4E3B-A22E-3F48C626D59C}.Release|Any CPU.ActiveCfg = Release|Any CPU
		{52EBF58B-A95F-4E3B-A22E-3F48C626D59C}.Release|Any CPU.Build.0 = Release|Any CPU
		{52EBF58B-A95F-4E3B-A22E-3F48C626D59C}.Release|ARM.ActiveCfg = Release|Any CPU
		{52EBF58B-A95F-4E3B-A22E-3F48C626D59C}.Release|ARM.Build.0 = Release|Any CPU
		{52EBF58B-A95F-4E3B-A22E-3F48C626D59C}.Release|iPhone.ActiveCfg = Release|Any CPU
		{52EBF58B-A95F-4E3B-A22E-3F48C626D59C}.Release|iPhone.Build.0 = Release|Any CPU
		{52EBF58B-A95F-4E3B-A22E-3F48C626D59C}.Release|iPhoneSimulator.ActiveCfg = Release|Any CPU
		{52EBF58B-A95F-4E3B-A22E-3F48C626D59C}.Release|iPhoneSimulator.Build.0 = Release|Any CPU
		{52EBF58B-A95F-4E3B-A22E-3F48C626D59C}.Release|x64.ActiveCfg = Release|Any CPU
		{52EBF58B-A95F-4E3B-A22E-3F48C626D59C}.Release|x64.Build.0 = Release|Any CPU
		{52EBF58B-A95F-4E3B-A22E-3F48C626D59C}.Release|x86.ActiveCfg = Release|Any CPU
		{52EBF58B-A95F-4E3B-A22E-3F48C626D59C}.Release|x86.Build.0 = Release|Any CPU
	EndGlobalSection
	GlobalSection(SolutionProperties) = preSolution
		HideSolutionNode = FALSE
	EndGlobalSection
EndGlobal
